
Microsoft Visual Studio Solution File, Format Version 12.00
# Visual Studio Version 17
VisualStudioVersion = 17.11.35303.130
MinimumVisualStudioVersion = 10.0.40219.1
Project("{888888A0-9F3D-457C-B088-3A5042F75D52}") = "krestiki_nolilki", "krestiki_nolilki\krestiki_nolilki.pyproj", "{32419FBB-A155-43EA-B0B0-433076BB9EE2}"
EndProject
Global
	GlobalSection(SolutionConfigurationPlatforms) = preSolution
		Debug|Any CPU = Debug|Any CPU
		Release|Any CPU = Release|Any CPU
	EndGlobalSection
	GlobalSection(ProjectConfigurationPlatforms) = postSolution
		{32419FBB-A155-43EA-B0B0-433076BB9EE2}.Debug|Any CPU.ActiveCfg = Debug|Any CPU
		{32419FBB-A155-43EA-B0B0-433076BB9EE2}.Release|Any CPU.ActiveCfg = Release|Any CPU
	EndGlobalSection
	GlobalSection(SolutionProperties) = preSolution
		HideSolutionNode = FALSE
	EndGlobalSection
	GlobalSection(ExtensibilityGlobals) = postSolution
		SolutionGuid = {6D3081FD-E26D-48AF-95C2-F531BC1DFD16}
	EndGlobalSection
EndGlobal
